{
  "lockfileVersion": 1,
  "workspaces": {
    "": {
      "name": "error-zip-mtcute",
      "dependencies": {
        "@mtcute/bun": "^0.22.3",
        "@mtcute/dispatcher": "^0.22.2",
      },
      "devDependencies": {
        "@types/bun": "latest",
      },
      "peerDependencies": {
        "typescript": "^5",
      },
    },
  },
  "packages": {
    "@fuman/bun": ["@fuman/bun@0.0.9", "", { "dependencies": { "@fuman/io": "^0.0.8", "@fuman/net": "^0.0.9", "@fuman/utils": "^0.0.4" } }, "sha512-W21lJRs1vp+HrID/Qtb12XB6u5YEoJobEcwyDwdRgBHSJgM9h3WKu7AtPhpe6Sy+Hfxv3EakRRxlKeNiltYP2g=="],

    "@fuman/io": ["@fuman/io@0.0.8", "", { "dependencies": { "@fuman/utils": "^0.0.4" } }, "sha512-+cRZ2JOMYceNQ2Rh6UYro5XVa11j29Sdd3Yhi4GfxAx6ZwCNIw3P80xcTRwCZSfMPLDNN9Etkq7NIc5v9lpItw=="],

    "@fuman/net": ["@fuman/net@0.0.9", "", { "dependencies": { "@fuman/io": "^0.0.8", "@fuman/utils": "^0.0.4" } }, "sha512-asn7VJbT8woVXAFCUMZrdyNZCSsXZclraeVZ6RYJ+T3RwQ+JfMMZtXLLTZ7XHrBPxk8x8hoHOJa/Fnyfm+ggbQ=="],

    "@fuman/utils": ["@fuman/utils@0.0.4", "", {}, "sha512-YBZIlGDbM8s9G85pWFZJ9wQrDY4511XLHZ06/uxZfXBY0eSStwje8JFNmRMNF0SjRk4D3iRmPl9wirHKTkg89w=="],

    "@mtcute/bun": ["@mtcute/bun@0.22.3", "", { "dependencies": { "@fuman/bun": "0.0.9", "@fuman/io": "0.0.8", "@fuman/net": "0.0.9", "@fuman/utils": "0.0.4", "@mtcute/core": "^0.22.3", "@mtcute/html-parser": "^0.22.1", "@mtcute/markdown-parser": "^0.22.3", "@mtcute/wasm": "^0.22.3" } }, "sha512-An4KWMJYAoYWvEXvZRp96FglO6IAYzOK1+G837sbU5KBb6Xhx7dFwTLAfT2myWyR+rliT+RqJ2pFJ+jKEVm9pg=="],

    "@mtcute/core": ["@mtcute/core@0.22.3", "", { "dependencies": { "@fuman/io": "0.0.8", "@fuman/net": "0.0.9", "@fuman/utils": "0.0.4", "@mtcute/file-id": "^0.22.0", "@mtcute/tl": "^200.0.0", "@mtcute/tl-runtime": "^0.22.0", "@types/events": "3.0.0", "long": "5.2.3" } }, "sha512-oyCSliNUBsLlHn4aNPfB/lWEleZFGk1dhcmC0LoVlqHvZN22/RiwRDxJPdlGqjfq6/dSmNbz+n7EZjna3CB1dA=="],

    "@mtcute/dispatcher": ["@mtcute/dispatcher@0.22.2", "", { "dependencies": { "@fuman/utils": "0.0.4", "@mtcute/core": "^0.22.2" } }, "sha512-pkvm1eLBD5SILcZjFHhHTaWw6eX8arygsyJNFh1R6IQLAOZmgRucDaj0rQD+vNJzEJJNFsvZABc0yq+IVvi3jA=="],

    "@mtcute/file-id": ["@mtcute/file-id@0.22.0", "", { "dependencies": { "@fuman/utils": "0.0.4", "@mtcute/tl-runtime": "^0.22.0", "long": "5.2.3" } }, "sha512-siY+eGrfYvTuC2xuyf4oaD09ZpaLtG2qrOlwdEpwXFnyjjavsQyWkyPwAemTPclcRuYB+/axD9+RBhj3EGBNSQ=="],

    "@mtcute/html-parser": ["@mtcute/html-parser@0.22.1", "", { "dependencies": { "@mtcute/core": "^0.22.0", "htmlparser2": "^10.0.0", "long": "5.2.3" } }, "sha512-KojNrJPvbsRyzc0pBbRrU03VZfgRRj+gkWBP+lcXJgdM+SypGkxUM2wQMxCwsRQ8JVGAmGLna1IPrYoiBW0rJw=="],

    "@mtcute/markdown-parser": ["@mtcute/markdown-parser@0.22.3", "", { "dependencies": { "@mtcute/core": "^0.22.3", "long": "5.2.3" } }, "sha512-kg7oOEX69Y5LJd2E52uLZWilSetbEHWSO8R1XVrI0ONaL3T2NnGDaGZGI80KuI4CCpNyWdDqB6EggoBeQJshnA=="],

    "@mtcute/tl": ["@mtcute/tl@200.0.0", "", { "dependencies": { "long": "5.2.3" } }, "sha512-YMiWjLMtqRSoUxcJbrCt2a8VWbIYDkvmipOmvNR2oAFzFmYmYXjR+jYDnbt1zmBoRWc3IrwddqdkVGK99Sc4bQ=="],

    "@mtcute/tl-runtime": ["@mtcute/tl-runtime@0.22.0", "", { "dependencies": { "@fuman/utils": "0.0.4", "long": "5.2.3" } }, "sha512-t4ThFk7gCrgMa5sx+C+2qDwKmNuWLKMK/75oGYhsa7IJLgdGc+s4F+SM5TA0DynmG/sUh2BfYNZr6/rotJM01A=="],

    "@mtcute/wasm": ["@mtcute/wasm@0.22.3", "", {}, "sha512-YyzxgWcx30HYuBsxvu43IDekIXV2u5xhdEPXqf7SCYDvWDZtQJ2ox3s4BPspRJ0LiKuYtaY4pdny+7I741Hcog=="],

    "@types/bun": ["@types/bun@1.2.9", "", { "dependencies": { "bun-types": "1.2.9" } }, "sha512-epShhLGQYc4Bv/aceHbmBhOz1XgUnuTZgcxjxk+WXwNyDXavv5QHD1QEFV0FwbTSQtNq6g4ZcV6y0vZakTjswg=="],

    "@types/events": ["@types/events@3.0.0", "", {}, "sha512-EaObqwIvayI5a8dCzhFrjKzVwKLxjoG9T6Ppd5CEo07LRKfQ8Yokw54r5+Wq7FaBQ+yXRvQAYPrHwya1/UFt9g=="],

    "@types/node": ["@types/node@22.14.1", "", { "dependencies": { "undici-types": "~6.21.0" } }, "sha512-u0HuPQwe/dHrItgHHpmw3N2fYCR6x4ivMNbPHRkBVP4CvN+kiRrKHWk3i8tXiO/joPwXLMYvF9TTF0eqgHIuOw=="],

    "@types/ws": ["@types/ws@8.18.1", "", { "dependencies": { "@types/node": "*" } }, "sha512-ThVF6DCVhA8kUGy+aazFQ4kXQ7E1Ty7A3ypFOe0IcJV8O/M511G99AW24irKrW56Wt44yG9+ij8FaqoBGkuBXg=="],

    "bun-types": ["bun-types@1.2.9", "", { "dependencies": { "@types/node": "*", "@types/ws": "*" } }, "sha512-dk/kOEfQbajENN/D6FyiSgOKEuUi9PWfqKQJEgwKrCMWbjS/S6tEXp178mWvWAcUSYm9ArDlWHZKO3T/4cLXiw=="],

    "dom-serializer": ["dom-serializer@2.0.0", "", { "dependencies": { "domelementtype": "^2.3.0", "domhandler": "^5.0.2", "entities": "^4.2.0" } }, "sha512-wIkAryiqt/nV5EQKqQpo3SToSOV9J0DnbJqwK7Wv/Trc92zIAYZ4FlMu+JPFW1DfGFt81ZTCGgDEabffXeLyJg=="],

    "domelementtype": ["domelementtype@2.3.0", "", {}, "sha512-OLETBj6w0OsagBwdXnPdN0cnMfF9opN69co+7ZrbfPGrdpPVNBUj02spi6B1N7wChLQiPn4CSH/zJvXw56gmHw=="],

    "domhandler": ["domhandler@5.0.3", "", { "dependencies": { "domelementtype": "^2.3.0" } }, "sha512-cgwlv/1iFQiFnU96XXgROh8xTeetsnJiDsTc7TYCLFd9+/WNkIqPTxiM/8pSd8VIrhXGTf1Ny1q1hquVqDJB5w=="],

    "domutils": ["domutils@3.2.2", "", { "dependencies": { "dom-serializer": "^2.0.0", "domelementtype": "^2.3.0", "domhandler": "^5.0.3" } }, "sha512-6kZKyUajlDuqlHKVX1w7gyslj9MPIXzIFiz/rGu35uC1wMi+kMhQwGhl4lt9unC9Vb9INnY9Z3/ZA3+FhASLaw=="],

    "entities": ["entities@6.0.0", "", {}, "sha512-aKstq2TDOndCn4diEyp9Uq/Flu2i1GlLkc6XIDQSDMuaFE3OPW5OphLCyQ5SpSJZTb4reN+kTcYru5yIfXoRPw=="],

    "htmlparser2": ["htmlparser2@10.0.0", "", { "dependencies": { "domelementtype": "^2.3.0", "domhandler": "^5.0.3", "domutils": "^3.2.1", "entities": "^6.0.0" } }, "sha512-TwAZM+zE5Tq3lrEHvOlvwgj1XLWQCtaaibSN11Q+gGBAS7Y1uZSWwXXRe4iF6OXnaq1riyQAPFOBtYc77Mxq0g=="],

    "long": ["long@5.2.3", "", {}, "sha512-lcHwpNoggQTObv5apGNCTdJrO69eHOZMi4BNC+rTLER8iHAqGrUVeLh/irVIM7zTw2bOXA8T6uNPeujwOLg/2Q=="],

    "typescript": ["typescript@5.8.3", "", { "bin": { "tsc": "bin/tsc", "tsserver": "bin/tsserver" } }, "sha512-p1diW6TqL9L07nNxvRMM7hMMw4c5XOo/1ibL4aAIGmSAt9slTE1Xgw5KWuof2uTOvCg9BY7ZRi+GaF+7sfgPeQ=="],

    "undici-types": ["undici-types@6.21.0", "", {}, "sha512-iwDZqg0QAGrg9Rav5H4n0M64c3mkR59cJ6wQp+7C4nI0gsmExaedaYLNO44eT4AtBBwjbTiGPMlt2Md0T9H9JQ=="],

    "dom-serializer/entities": ["entities@4.5.0", "", {}, "sha512-V0hjH4dGPh9Ao5p0MoRY6BVqtwCjhz6vI5LT8AJ55H+4g9/4vbHx1I54fS0XuclLhDHArPQCiMjDxjaL8fPxhw=="],
  }
}
