{
  "lockfileVersion": 1,
  "workspaces": {
    "": {
      "name": "error-zip-mtcute",
      "dependencies": {
        "@mtcute/bun": "^0.23.0",
        "@mtcute/dispatcher": "^0.23.0",
      },
      "devDependencies": {
        "@types/bun": "latest",
      },
      "peerDependencies": {
        "typescript": "^5",
      },
    },
  },
  "packages": {
    "@fuman/bun": ["@fuman/bun@0.0.14", "", { "dependencies": { "@fuman/io": "^0.0.14", "@fuman/net": "^0.0.14", "@fuman/utils": "^0.0.14" } }, "sha512-4SDWTTQAkpF5zHun0Awxoh7zDFtkTT0Xn1uBlM8g5uZa5y79c31w9SgW+zPn+a4Lt7UAETDAeCx7UEEM+xbnAQ=="],

    "@fuman/io": ["@fuman/io@0.0.14", "", { "dependencies": { "@fuman/utils": "^0.0.14" } }, "sha512-upZlnaLguCsMg1JHpbp/L96uwu8JyO/DRKNbwGFg3PoJRjsjutasduWX23HV2W3Ts/BKgMc5XQpMgezbJ3OsYQ=="],

    "@fuman/net": ["@fuman/net@0.0.14", "", { "dependencies": { "@fuman/io": "^0.0.14", "@fuman/utils": "^0.0.14" } }, "sha512-FD3+TWHYoc5nSOy4VMHEadP7psPhtgLD+XI9zFszapzaK4wgM3kd3KqzXc+gMe7LltY7h0jtupxoskVxtB9uuw=="],

    "@fuman/utils": ["@fuman/utils@0.0.14", "", {}, "sha512-HmQo6DXoYBtkN12rZsMSZRTUynByioOHpMZjfrePwUwXuKBYm9F1Rm4R7tGLTNJTG1zMXBJw1Xwy/cRqwzrujw=="],

    "@mtcute/bun": ["@mtcute/bun@0.23.0", "", { "dependencies": { "@fuman/bun": "0.0.14", "@fuman/io": "0.0.14", "@fuman/net": "0.0.14", "@fuman/utils": "0.0.14", "@mtcute/core": "^0.23.0", "@mtcute/html-parser": "^0.23.0", "@mtcute/markdown-parser": "^0.23.0", "@mtcute/wasm": "^0.23.0" } }, "sha512-KNu536rf0fkEnOKRYpDxE/KcUxInTMixAkdsDhhTR8KWpugco4n/BuBoFHtfIUGScxCoUt+zi0I/LETLSxA80w=="],

    "@mtcute/core": ["@mtcute/core@0.23.0", "", { "dependencies": { "@fuman/io": "0.0.14", "@fuman/net": "0.0.14", "@fuman/utils": "0.0.14", "@mtcute/file-id": "^0.23.0", "@mtcute/tl": "^201.0.0", "@mtcute/tl-runtime": "^0.23.0", "@types/events": "3.0.0", "long": "5.2.3" } }, "sha512-WfOdg6Yi63dt39eZ9iWAeG/wzYndaQ7nGldgaLsrhmaPtbFRRQGKlJM41iSbL/4HrBqbyXB880XMH7jiF0Dbpw=="],

    "@mtcute/dispatcher": ["@mtcute/dispatcher@0.23.0", "", { "dependencies": { "@fuman/utils": "0.0.14", "@mtcute/core": "^0.23.0" } }, "sha512-ppvdcG6zDREfSDffRmvrVvn722iL+gfPz9D4LWh+G6MmkwWhnN+GA2q3rbXmYGZgXItFuIEN5pcAIn5zIAHzWw=="],

    "@mtcute/file-id": ["@mtcute/file-id@0.23.0", "", { "dependencies": { "@fuman/utils": "0.0.14", "@mtcute/tl-runtime": "^0.23.0", "long": "5.2.3" } }, "sha512-7n6Ppz2nkb7swYY0Kx2jpKHFxDIkJ2q3B86w2H3dZlixH7IYXzYWSbX1uzz72rDF9Se6hp+0VZ38Pj4hLkw80w=="],

    "@mtcute/html-parser": ["@mtcute/html-parser@0.23.0", "", { "dependencies": { "@mtcute/core": "^0.23.0", "htmlparser2": "^10.0.0", "long": "5.2.3" } }, "sha512-Ob1k/vYEJ4x0B/qT+jolujMZ9pVB2brioM6kKu+NtkWsoW15F1wjI9M1kPPqp7gJSbHEpbrmMLS/4+IuYSk5oQ=="],

    "@mtcute/markdown-parser": ["@mtcute/markdown-parser@0.23.0", "", { "dependencies": { "@mtcute/core": "^0.23.0", "long": "5.2.3" } }, "sha512-pnivaMqWArDUGXmkeFerMuBjnf19pTp3klafnJFT00k7V1IpT+evTizcMZpbSlYJZ9/NimX5Neyf67QCeptQ2g=="],

    "@mtcute/tl": ["@mtcute/tl@201.0.0", "", { "dependencies": { "long": "5.2.3" } }, "sha512-r3w47J02P43oyAN93CxooiGD1kUr1TWLOMWNx0QKC7sjMmpsf5EP679g7A75+fipHvQ7VCK1bNjerpDSAStoVw=="],

    "@mtcute/tl-runtime": ["@mtcute/tl-runtime@0.23.0", "", { "dependencies": { "@fuman/utils": "0.0.14", "long": "5.2.3" } }, "sha512-/XsHBnSPkcP7dF+I8xjNdeTnYN5aWWyDHsHRAFB/5DWOBk3ATkiLg4ch/kmwYk6Rr/GUud6GG4dgCnbz9nUlxQ=="],

    "@mtcute/wasm": ["@mtcute/wasm@0.23.0", "", {}, "sha512-T9CZHsEtz6SX6ATf6K2yZQ5kPbGLz0Nr/eiOLSueg/FRteG4lqVOfbFFSwZfs5I5t0Klvc94e1WnF6nNUGKXRQ=="],

    "@types/bun": ["@types/bun@1.2.9", "", { "dependencies": { "bun-types": "1.2.9" } }, "sha512-epShhLGQYc4Bv/aceHbmBhOz1XgUnuTZgcxjxk+WXwNyDXavv5QHD1QEFV0FwbTSQtNq6g4ZcV6y0vZakTjswg=="],

    "@types/events": ["@types/events@3.0.0", "", {}, "sha512-EaObqwIvayI5a8dCzhFrjKzVwKLxjoG9T6Ppd5CEo07LRKfQ8Yokw54r5+Wq7FaBQ+yXRvQAYPrHwya1/UFt9g=="],

    "@types/node": ["@types/node@22.14.1", "", { "dependencies": { "undici-types": "~6.21.0" } }, "sha512-u0HuPQwe/dHrItgHHpmw3N2fYCR6x4ivMNbPHRkBVP4CvN+kiRrKHWk3i8tXiO/joPwXLMYvF9TTF0eqgHIuOw=="],

    "@types/ws": ["@types/ws@8.18.1", "", { "dependencies": { "@types/node": "*" } }, "sha512-ThVF6DCVhA8kUGy+aazFQ4kXQ7E1Ty7A3ypFOe0IcJV8O/M511G99AW24irKrW56Wt44yG9+ij8FaqoBGkuBXg=="],

    "bun-types": ["bun-types@1.2.9", "", { "dependencies": { "@types/node": "*", "@types/ws": "*" } }, "sha512-dk/kOEfQbajENN/D6FyiSgOKEuUi9PWfqKQJEgwKrCMWbjS/S6tEXp178mWvWAcUSYm9ArDlWHZKO3T/4cLXiw=="],

    "dom-serializer": ["dom-serializer@2.0.0", "", { "dependencies": { "domelementtype": "^2.3.0", "domhandler": "^5.0.2", "entities": "^4.2.0" } }, "sha512-wIkAryiqt/nV5EQKqQpo3SToSOV9J0DnbJqwK7Wv/Trc92zIAYZ4FlMu+JPFW1DfGFt81ZTCGgDEabffXeLyJg=="],

    "domelementtype": ["domelementtype@2.3.0", "", {}, "sha512-OLETBj6w0OsagBwdXnPdN0cnMfF9opN69co+7ZrbfPGrdpPVNBUj02spi6B1N7wChLQiPn4CSH/zJvXw56gmHw=="],

    "domhandler": ["domhandler@5.0.3", "", { "dependencies": { "domelementtype": "^2.3.0" } }, "sha512-cgwlv/1iFQiFnU96XXgROh8xTeetsnJiDsTc7TYCLFd9+/WNkIqPTxiM/8pSd8VIrhXGTf1Ny1q1hquVqDJB5w=="],

    "domutils": ["domutils@3.2.2", "", { "dependencies": { "dom-serializer": "^2.0.0", "domelementtype": "^2.3.0", "domhandler": "^5.0.3" } }, "sha512-6kZKyUajlDuqlHKVX1w7gyslj9MPIXzIFiz/rGu35uC1wMi+kMhQwGhl4lt9unC9Vb9INnY9Z3/ZA3+FhASLaw=="],

    "entities": ["entities@6.0.0", "", {}, "sha512-aKstq2TDOndCn4diEyp9Uq/Flu2i1GlLkc6XIDQSDMuaFE3OPW5OphLCyQ5SpSJZTb4reN+kTcYru5yIfXoRPw=="],

    "htmlparser2": ["htmlparser2@10.0.0", "", { "dependencies": { "domelementtype": "^2.3.0", "domhandler": "^5.0.3", "domutils": "^3.2.1", "entities": "^6.0.0" } }, "sha512-TwAZM+zE5Tq3lrEHvOlvwgj1XLWQCtaaibSN11Q+gGBAS7Y1uZSWwXXRe4iF6OXnaq1riyQAPFOBtYc77Mxq0g=="],

    "long": ["long@5.2.3", "", {}, "sha512-lcHwpNoggQTObv5apGNCTdJrO69eHOZMi4BNC+rTLER8iHAqGrUVeLh/irVIM7zTw2bOXA8T6uNPeujwOLg/2Q=="],

    "typescript": ["typescript@5.8.3", "", { "bin": { "tsc": "bin/tsc", "tsserver": "bin/tsserver" } }, "sha512-p1diW6TqL9L07nNxvRMM7hMMw4c5XOo/1ibL4aAIGmSAt9slTE1Xgw5KWuof2uTOvCg9BY7ZRi+GaF+7sfgPeQ=="],

    "undici-types": ["undici-types@6.21.0", "", {}, "sha512-iwDZqg0QAGrg9Rav5H4n0M64c3mkR59cJ6wQp+7C4nI0gsmExaedaYLNO44eT4AtBBwjbTiGPMlt2Md0T9H9JQ=="],

    "dom-serializer/entities": ["entities@4.5.0", "", {}, "sha512-V0hjH4dGPh9Ao5p0MoRY6BVqtwCjhz6vI5LT8AJ55H+4g9/4vbHx1I54fS0XuclLhDHArPQCiMjDxjaL8fPxhw=="],
  }
}
